
Microsoft Visual Studio Solution File, Format Version 12.00
# Visual Studio 15
VisualStudioVersion = 15.0.26730.12
MinimumVisualStudioVersion = 10.0.40219.1
Project("{FAE04EC0-301F-11D3-BF4B-00C04F79EFBC}") = "WpfDirMaker", "WpfDirMaker\WpfDirMaker.csproj", "{2276DD79-F6DE-4327-8E20-26EEECC24C62}"
EndProject
Project("{2150E333-8FDC-42A3-9474-1A3956D46DE8}") = "Solution Items", "Solution Items", "{E6B087C9-ED80-4301-8098-43AB235BBAE7}"
	ProjectSection(SolutionItems) = preProject
		WpfDirMaker\Icons\skyrim-icon-41581-16x16.ico = WpfDirMaker\Icons\skyrim-icon-41581-16x16.ico
	EndProjectSection
EndProject
Global
	GlobalSection(SolutionConfigurationPlatforms) = preSolution
		Debug|x86 = Debug|x86
		Release|x86 = Release|x86
	EndGlobalSection
	GlobalSection(ProjectConfigurationPlatforms) = postSolution
		{2276DD79-F6DE-4327-8E20-26EEECC24C62}.Debug|x86.ActiveCfg = Debug|x86
		{2276DD79-F6DE-4327-8E20-26EEECC24C62}.Debug|x86.Build.0 = Debug|x86
		{2276DD79-F6DE-4327-8E20-26EEECC24C62}.Release|x86.ActiveCfg = Release|x86
		{2276DD79-F6DE-4327-8E20-26EEECC24C62}.Release|x86.Build.0 = Release|x86
	EndGlobalSection
	GlobalSection(SolutionProperties) = preSolution
		HideSolutionNode = FALSE
	EndGlobalSection
	GlobalSection(ExtensibilityGlobals) = postSolution
		SolutionGuid = {2EC26294-9407-4CA0-A539-A2DC8BBE4CCE}
	EndGlobalSection
EndGlobal
